// !$*UTF8*$!
{
	archiveVersion = 1;
	classes = {
	};
	objectVersion = 46;
	objects = {

/* Begin PBXBuildFile section */
		204733281C8C63A500840998 /* TicketPrinterSpec.m in Sources */ = {isa = PBXBuildFile; fileRef = 204733271C8C63A500840998 /* TicketPrinterSpec.m */; };
		2047332B1C8C644900840998 /* TicketPrinter.m in Sources */ = {isa = PBXBuildFile; fileRef = 2047332A1C8C644900840998 /* TicketPrinter.m */; };
		2096896A1C8C196500068621 /* SaleFactorySpec.m in Sources */ = {isa = PBXBuildFile; fileRef = 209689691C8C196500068621 /* SaleFactorySpec.m */; };
		2096896F1C8C2C5A00068621 /* NormalPrinter.m in Sources */ = {isa = PBXBuildFile; fileRef = 2096896E1C8C2C5A00068621 /* NormalPrinter.m */; };
		209689731C8C2CC500068621 /* GoodsFeePrinter.m in Sources */ = {isa = PBXBuildFile; fileRef = 209689721C8C2CC500068621 /* GoodsFeePrinter.m */; };
		209689781C8C322A00068621 /* GoodsRebatePrinter.m in Sources */ = {isa = PBXBuildFile; fileRef = 209689771C8C322A00068621 /* GoodsRebatePrinter.m */; };
		2096897C1C8C32D200068621 /* GoodsFeeExtraPrinter.m in Sources */ = {isa = PBXBuildFile; fileRef = 2096897B1C8C32D200068621 /* GoodsFeeExtraPrinter.m */; };
		20DDE47F1C8A7A6A009BEA75 /* Main.storyboard in Resources */ = {isa = PBXBuildFile; fileRef = 20DDE47D1C8A7A6A009BEA75 /* Main.storyboard */; };
		20DDE4811C8A7A6B009BEA75 /* Assets.xcassets in Resources */ = {isa = PBXBuildFile; fileRef = 20DDE4801C8A7A6B009BEA75 /* Assets.xcassets */; };
		20DDE4841C8A7A6B009BEA75 /* LaunchScreen.storyboard in Resources */ = {isa = PBXBuildFile; fileRef = 20DDE4821C8A7A6B009BEA75 /* LaunchScreen.storyboard */; };
		20DDE4A31C8A7B20009BEA75 /* AppDelegate.m in Sources */ = {isa = PBXBuildFile; fileRef = 20DDE49B1C8A7B20009BEA75 /* AppDelegate.m */; };
		20DDE4A41C8A7B20009BEA75 /* main.m in Sources */ = {isa = PBXBuildFile; fileRef = 20DDE49C1C8A7B20009BEA75 /* main.m */; };
		20DDE4A51C8A7B20009BEA75 /* ViewController.m in Sources */ = {isa = PBXBuildFile; fileRef = 20DDE4A21C8A7B20009BEA75 /* ViewController.m */; };
		20DDE4B21C8A8562009BEA75 /* GoodsInfo.m in Sources */ = {isa = PBXBuildFile; fileRef = 20DDE4B11C8A8562009BEA75 /* GoodsInfo.m */; };
		20DDE4B51C8A8992009BEA75 /* CoreGraphics.framework in Frameworks */ = {isa = PBXBuildFile; fileRef = 20DDE4B41C8A8992009BEA75 /* CoreGraphics.framework */; };
		20DDE4BF1C8A8CC4009BEA75 /* GoodsItem.m in Sources */ = {isa = PBXBuildFile; fileRef = 20DDE4BE1C8A8CC4009BEA75 /* GoodsItem.m */; };
		20DDE4CA1C8A903A009BEA75 /* SaleFactory.m in Sources */ = {isa = PBXBuildFile; fileRef = 20DDE4C91C8A903A009BEA75 /* SaleFactory.m */; };
		20DDE4CD1C8A9EAE009BEA75 /* GoodsItemParserSpec.m in Sources */ = {isa = PBXBuildFile; fileRef = 20DDE4CC1C8A9EAE009BEA75 /* GoodsItemParserSpec.m */; };
		20DDE4CE1C8AACCA009BEA75 /* CodeInput.json in Resources */ = {isa = PBXBuildFile; fileRef = 20DDE4A91C8A8318009BEA75 /* CodeInput.json */; };
		20DDE4CF1C8AACCB009BEA75 /* CodeInput.json in Resources */ = {isa = PBXBuildFile; fileRef = 20DDE4A91C8A8318009BEA75 /* CodeInput.json */; };
		20DDE4D31C8AC1BE009BEA75 /* OutputBuilder.m in Sources */ = {isa = PBXBuildFile; fileRef = 20DDE4D21C8AC1BE009BEA75 /* OutputBuilder.m */; };
		20DDE4D81C8AC82F009BEA75 /* SalesRebate.m in Sources */ = {isa = PBXBuildFile; fileRef = 20DDE4D71C8AC82F009BEA75 /* SalesRebate.m */; };
		20DDE4DB1C8AC843009BEA75 /* SalesFeeGoods.m in Sources */ = {isa = PBXBuildFile; fileRef = 20DDE4DA1C8AC843009BEA75 /* SalesFeeGoods.m */; };
		20DDE4DF1C8ACB7F009BEA75 /* BarCodeParser.m in Sources */ = {isa = PBXBuildFile; fileRef = 20DDE4DE1C8ACB7F009BEA75 /* BarCodeParser.m */; };
		20DDE4E11C8ACCAA009BEA75 /* Goods.plist in Resources */ = {isa = PBXBuildFile; fileRef = 20DDE4E01C8ACCAA009BEA75 /* Goods.plist */; };
		20DDE4E21C8AD5CA009BEA75 /* GoodsItem.m in Sources */ = {isa = PBXBuildFile; fileRef = 20DDE4BE1C8A8CC4009BEA75 /* GoodsItem.m */; };
		20DDE4E81C8AF7D6009BEA75 /* JSONKeyMapper+MapExtentsion.m in Sources */ = {isa = PBXBuildFile; fileRef = 20DDE4E71C8AF7D5009BEA75 /* JSONKeyMapper+MapExtentsion.m */; };
		20DDE4EB1C8B2740009BEA75 /* GoodCalcSpec.m in Sources */ = {isa = PBXBuildFile; fileRef = 20DDE4EA1C8B2740009BEA75 /* GoodCalcSpec.m */; };
		20DDE4ED1C8B2D47009BEA75 /* SaleStrategies.plist in Resources */ = {isa = PBXBuildFile; fileRef = 20DDE4EC1C8B2D47009BEA75 /* SaleStrategies.plist */; };
		20DDE4F11C8BBBE5009BEA75 /* SaleStrategy.m in Sources */ = {isa = PBXBuildFile; fileRef = 20DDE4F01C8BBBE5009BEA75 /* SaleStrategy.m */; };
		20DDE4F61C8BC6D7009BEA75 /* SaleNormal.m in Sources */ = {isa = PBXBuildFile; fileRef = 20DDE4F51C8BC6D7009BEA75 /* SaleNormal.m */; };
		20DDE4FF1C8BD65C009BEA75 /* StrategyProxy.m in Sources */ = {isa = PBXBuildFile; fileRef = 20DDE4FE1C8BD65C009BEA75 /* StrategyProxy.m */; };
		9935F658657F01DED80A13E0 /* libPods-TWTicketPrinterTests.a in Frameworks */ = {isa = PBXBuildFile; fileRef = A0C62D5FC25DE29D1B10AF02 /* libPods-TWTicketPrinterTests.a */; };
		BE8FBF9F22DB5C0D309836A8 /* libPods-TWTicketPrinter.a in Frameworks */ = {isa = PBXBuildFile; fileRef = 0703FD3084CA31B04430046B /* libPods-TWTicketPrinter.a */; };
/* End PBXBuildFile section */

/* Begin PBXContainerItemProxy section */
		20DDE48B1C8A7A6B009BEA75 /* PBXContainerItemProxy */ = {
			isa = PBXContainerItemProxy;
			containerPortal = 20DDE4691C8A7A6A009BEA75 /* Project object */;
			proxyType = 1;
			remoteGlobalIDString = 20DDE4701C8A7A6A009BEA75;
			remoteInfo = TWTicketPrinter;
		};
/* End PBXContainerItemProxy section */

/* Begin PBXFileReference section */
		0703FD3084CA31B04430046B /* libPods-TWTicketPrinter.a */ = {isa = PBXFileReference; explicitFileType = archive.ar; includeInIndex = 0; path = "libPods-TWTicketPrinter.a"; sourceTree = BUILT_PRODUCTS_DIR; };
		204733271C8C63A500840998 /* TicketPrinterSpec.m */ = {isa = PBXFileReference; fileEncoding = 4; lastKnownFileType = sourcecode.c.objc; path = TicketPrinterSpec.m; sourceTree = "<group>"; };
		204733291C8C644900840998 /* TicketPrinter.h */ = {isa = PBXFileReference; fileEncoding = 4; lastKnownFileType = sourcecode.c.h; path = TicketPrinter.h; sourceTree = "<group>"; };
		2047332A1C8C644900840998 /* TicketPrinter.m */ = {isa = PBXFileReference; fileEncoding = 4; lastKnownFileType = sourcecode.c.objc; path = TicketPrinter.m; sourceTree = "<group>"; };
		209689691C8C196500068621 /* SaleFactorySpec.m */ = {isa = PBXFileReference; fileEncoding = 4; lastKnownFileType = sourcecode.c.objc; path = SaleFactorySpec.m; sourceTree = "<group>"; };
		2096896D1C8C2C5A00068621 /* NormalPrinter.h */ = {isa = PBXFileReference; fileEncoding = 4; lastKnownFileType = sourcecode.c.h; path = NormalPrinter.h; sourceTree = "<group>"; };
		2096896E1C8C2C5A00068621 /* NormalPrinter.m */ = {isa = PBXFileReference; fileEncoding = 4; lastKnownFileType = sourcecode.c.objc; path = NormalPrinter.m; sourceTree = "<group>"; };
		209689711C8C2CC500068621 /* GoodsFeePrinter.h */ = {isa = PBXFileReference; fileEncoding = 4; lastKnownFileType = sourcecode.c.h; path = GoodsFeePrinter.h; sourceTree = "<group>"; };
		209689721C8C2CC500068621 /* GoodsFeePrinter.m */ = {isa = PBXFileReference; fileEncoding = 4; lastKnownFileType = sourcecode.c.objc; path = GoodsFeePrinter.m; sourceTree = "<group>"; };
		209689751C8C2E7800068621 /* IPrintable.h */ = {isa = PBXFileReference; fileEncoding = 4; lastKnownFileType = sourcecode.c.h; path = IPrintable.h; sourceTree = "<group>"; };
		209689761C8C322A00068621 /* GoodsRebatePrinter.h */ = {isa = PBXFileReference; fileEncoding = 4; lastKnownFileType = sourcecode.c.h; path = GoodsRebatePrinter.h; sourceTree = "<group>"; };
		209689771C8C322A00068621 /* GoodsRebatePrinter.m */ = {isa = PBXFileReference; fileEncoding = 4; lastKnownFileType = sourcecode.c.objc; path = GoodsRebatePrinter.m; sourceTree = "<group>"; };
		2096897A1C8C32D200068621 /* GoodsFeeExtraPrinter.h */ = {isa = PBXFileReference; fileEncoding = 4; lastKnownFileType = sourcecode.c.h; path = GoodsFeeExtraPrinter.h; sourceTree = "<group>"; };
		2096897B1C8C32D200068621 /* GoodsFeeExtraPrinter.m */ = {isa = PBXFileReference; fileEncoding = 4; lastKnownFileType = sourcecode.c.objc; path = GoodsFeeExtraPrinter.m; sourceTree = "<group>"; };
		2096897E1C8C4D3000068621 /* IPrintStrategy.h */ = {isa = PBXFileReference; fileEncoding = 4; lastKnownFileType = sourcecode.c.h; path = IPrintStrategy.h; sourceTree = "<group>"; };
		20DDE4711C8A7A6A009BEA75 /* TWTicketPrinter.app */ = {isa = PBXFileReference; explicitFileType = wrapper.application; includeInIndex = 0; path = TWTicketPrinter.app; sourceTree = BUILT_PRODUCTS_DIR; };
		20DDE47E1C8A7A6A009BEA75 /* Base */ = {isa = PBXFileReference; lastKnownFileType = file.storyboard; name = Base; path = Base.lproj/Main.storyboard; sourceTree = "<group>"; };
		20DDE4801C8A7A6B009BEA75 /* Assets.xcassets */ = {isa = PBXFileReference; lastKnownFileType = folder.assetcatalog; name = Assets.xcassets; path = ../Assets.xcassets; sourceTree = "<group>"; };
		20DDE4831C8A7A6B009BEA75 /* Base */ = {isa = PBXFileReference; lastKnownFileType = file.storyboard; name = Base; path = Base.lproj/LaunchScreen.storyboard; sourceTree = "<group>"; };
		20DDE4851C8A7A6B009BEA75 /* Info.plist */ = {isa = PBXFileReference; lastKnownFileType = text.plist.xml; name = Info.plist; path = ../Info.plist; sourceTree = "<group>"; };
		20DDE48A1C8A7A6B009BEA75 /* TWTicketPrinterTests.xctest */ = {isa = PBXFileReference; explicitFileType = wrapper.cfbundle; includeInIndex = 0; path = TWTicketPrinterTests.xctest; sourceTree = BUILT_PRODUCTS_DIR; };
		20DDE4901C8A7A6B009BEA75 /* Info.plist */ = {isa = PBXFileReference; lastKnownFileType = text.plist.xml; path = Info.plist; sourceTree = "<group>"; };
		20DDE49A1C8A7B20009BEA75 /* AppDelegate.h */ = {isa = PBXFileReference; fileEncoding = 4; lastKnownFileType = sourcecode.c.h; path = AppDelegate.h; sourceTree = "<group>"; };
		20DDE49B1C8A7B20009BEA75 /* AppDelegate.m */ = {isa = PBXFileReference; fileEncoding = 4; lastKnownFileType = sourcecode.c.objc; path = AppDelegate.m; sourceTree = "<group>"; };
		20DDE49C1C8A7B20009BEA75 /* main.m */ = {isa = PBXFileReference; fileEncoding = 4; lastKnownFileType = sourcecode.c.objc; path = main.m; sourceTree = "<group>"; };
		20DDE4A11C8A7B20009BEA75 /* ViewController.h */ = {isa = PBXFileReference; fileEncoding = 4; lastKnownFileType = sourcecode.c.h; path = ViewController.h; sourceTree = "<group>"; };
		20DDE4A21C8A7B20009BEA75 /* ViewController.m */ = {isa = PBXFileReference; fileEncoding = 4; lastKnownFileType = sourcecode.c.objc; path = ViewController.m; sourceTree = "<group>"; };
		20DDE4A91C8A8318009BEA75 /* CodeInput.json */ = {isa = PBXFileReference; lastKnownFileType = text.json; path = CodeInput.json; sourceTree = "<group>"; };
		20DDE4B01C8A8562009BEA75 /* GoodsInfo.h */ = {isa = PBXFileReference; fileEncoding = 4; lastKnownFileType = sourcecode.c.h; path = GoodsInfo.h; sourceTree = "<group>"; };
		20DDE4B11C8A8562009BEA75 /* GoodsInfo.m */ = {isa = PBXFileReference; fileEncoding = 4; lastKnownFileType = sourcecode.c.objc; path = GoodsInfo.m; sourceTree = "<group>"; };
		20DDE4B41C8A8992009BEA75 /* CoreGraphics.framework */ = {isa = PBXFileReference; lastKnownFileType = wrapper.framework; name = CoreGraphics.framework; path = System/Library/Frameworks/CoreGraphics.framework; sourceTree = SDKROOT; };
		20DDE4BD1C8A8CC4009BEA75 /* GoodsItem.h */ = {isa = PBXFileReference; fileEncoding = 4; lastKnownFileType = sourcecode.c.h; path = GoodsItem.h; sourceTree = "<group>"; };
		20DDE4BE1C8A8CC4009BEA75 /* GoodsItem.m */ = {isa = PBXFileReference; fileEncoding = 4; lastKnownFileType = sourcecode.c.objc; path = GoodsItem.m; sourceTree = "<group>"; };
		20DDE4C61C8A8FDE009BEA75 /* ISaleStrategy.h */ = {isa = PBXFileReference; fileEncoding = 4; lastKnownFileType = sourcecode.c.h; path = ISaleStrategy.h; sourceTree = "<group>"; };
		20DDE4C81C8A903A009BEA75 /* SaleFactory.h */ = {isa = PBXFileReference; fileEncoding = 4; lastKnownFileType = sourcecode.c.h; path = SaleFactory.h; sourceTree = "<group>"; };
		20DDE4C91C8A903A009BEA75 /* SaleFactory.m */ = {isa = PBXFileReference; fileEncoding = 4; lastKnownFileType = sourcecode.c.objc; path = SaleFactory.m; sourceTree = "<group>"; };
		20DDE4CC1C8A9EAE009BEA75 /* GoodsItemParserSpec.m */ = {isa = PBXFileReference; fileEncoding = 4; lastKnownFileType = sourcecode.c.objc; path = GoodsItemParserSpec.m; sourceTree = "<group>"; };
		20DDE4D11C8AC1BE009BEA75 /* OutputBuilder.h */ = {isa = PBXFileReference; fileEncoding = 4; lastKnownFileType = sourcecode.c.h; path = OutputBuilder.h; sourceTree = "<group>"; };
		20DDE4D21C8AC1BE009BEA75 /* OutputBuilder.m */ = {isa = PBXFileReference; fileEncoding = 4; lastKnownFileType = sourcecode.c.objc; path = OutputBuilder.m; sourceTree = "<group>"; };
		20DDE4D61C8AC82F009BEA75 /* SalesRebate.h */ = {isa = PBXFileReference; fileEncoding = 4; lastKnownFileType = sourcecode.c.h; path = SalesRebate.h; sourceTree = "<group>"; };
		20DDE4D71C8AC82F009BEA75 /* SalesRebate.m */ = {isa = PBXFileReference; fileEncoding = 4; lastKnownFileType = sourcecode.c.objc; path = SalesRebate.m; sourceTree = "<group>"; };
		20DDE4D91C8AC843009BEA75 /* SalesFeeGoods.h */ = {isa = PBXFileReference; fileEncoding = 4; lastKnownFileType = sourcecode.c.h; path = SalesFeeGoods.h; sourceTree = "<group>"; };
		20DDE4DA1C8AC843009BEA75 /* SalesFeeGoods.m */ = {isa = PBXFileReference; fileEncoding = 4; lastKnownFileType = sourcecode.c.objc; path = SalesFeeGoods.m; sourceTree = "<group>"; };
		20DDE4DD1C8ACB7F009BEA75 /* BarCodeParser.h */ = {isa = PBXFileReference; fileEncoding = 4; lastKnownFileType = sourcecode.c.h; path = BarCodeParser.h; sourceTree = "<group>"; };
		20DDE4DE1C8ACB7F009BEA75 /* BarCodeParser.m */ = {isa = PBXFileReference; fileEncoding = 4; lastKnownFileType = sourcecode.c.objc; path = BarCodeParser.m; sourceTree = "<group>"; };
		20DDE4E01C8ACCAA009BEA75 /* Goods.plist */ = {isa = PBXFileReference; fileEncoding = 4; lastKnownFileType = text.plist.xml; path = Goods.plist; sourceTree = "<group>"; };
		20DDE4E41C8AF6DD009BEA75 /* TWAfx.h */ = {isa = PBXFileReference; lastKnownFileType = sourcecode.c.h; path = TWAfx.h; sourceTree = "<group>"; };
		20DDE4E61C8AF7D5009BEA75 /* JSONKeyMapper+MapExtentsion.h */ = {isa = PBXFileReference; fileEncoding = 4; lastKnownFileType = sourcecode.c.h; path = "JSONKeyMapper+MapExtentsion.h"; sourceTree = "<group>"; };
		20DDE4E71C8AF7D5009BEA75 /* JSONKeyMapper+MapExtentsion.m */ = {isa = PBXFileReference; fileEncoding = 4; lastKnownFileType = sourcecode.c.objc; path = "JSONKeyMapper+MapExtentsion.m"; sourceTree = "<group>"; };
		20DDE4EA1C8B2740009BEA75 /* GoodCalcSpec.m */ = {isa = PBXFileReference; fileEncoding = 4; lastKnownFileType = sourcecode.c.objc; path = GoodCalcSpec.m; sourceTree = "<group>"; };
		20DDE4EC1C8B2D47009BEA75 /* SaleStrategies.plist */ = {isa = PBXFileReference; fileEncoding = 4; lastKnownFileType = text.plist.xml; path = SaleStrategies.plist; sourceTree = "<group>"; };
		20DDE4EF1C8BBBE5009BEA75 /* SaleStrategy.h */ = {isa = PBXFileReference; fileEncoding = 4; lastKnownFileType = sourcecode.c.h; path = SaleStrategy.h; sourceTree = "<group>"; };
		20DDE4F01C8BBBE5009BEA75 /* SaleStrategy.m */ = {isa = PBXFileReference; fileEncoding = 4; lastKnownFileType = sourcecode.c.objc; path = SaleStrategy.m; sourceTree = "<group>"; };
		20DDE4F41C8BC6D7009BEA75 /* SaleNormal.h */ = {isa = PBXFileReference; fileEncoding = 4; lastKnownFileType = sourcecode.c.h; path = SaleNormal.h; sourceTree = "<group>"; };
		20DDE4F51C8BC6D7009BEA75 /* SaleNormal.m */ = {isa = PBXFileReference; fileEncoding = 4; lastKnownFileType = sourcecode.c.objc; path = SaleNormal.m; sourceTree = "<group>"; };
		20DDE4FB1C8BD06E009BEA75 /* ISaleFactory.h */ = {isa = PBXFileReference; fileEncoding = 4; lastKnownFileType = sourcecode.c.h; path = ISaleFactory.h; sourceTree = "<group>"; };
		20DDE4FD1C8BD65C009BEA75 /* StrategyProxy.h */ = {isa = PBXFileReference; fileEncoding = 4; lastKnownFileType = sourcecode.c.h; path = StrategyProxy.h; sourceTree = "<group>"; };
		20DDE4FE1C8BD65C009BEA75 /* StrategyProxy.m */ = {isa = PBXFileReference; fileEncoding = 4; lastKnownFileType = sourcecode.c.objc; path = StrategyProxy.m; sourceTree = "<group>"; };
		6A423BAB31582BCAF795EDCA /* Pods-TWTicketPrinter.debug.xcconfig */ = {isa = PBXFileReference; includeInIndex = 1; lastKnownFileType = text.xcconfig; name = "Pods-TWTicketPrinter.debug.xcconfig"; path = "Pods/Target Support Files/Pods-TWTicketPrinter/Pods-TWTicketPrinter.debug.xcconfig"; sourceTree = "<group>"; };
		9E9FBE8A45E440CE2C4A28C9 /* Pods-TWTicketPrinterTests.debug.xcconfig */ = {isa = PBXFileReference; includeInIndex = 1; lastKnownFileType = text.xcconfig; name = "Pods-TWTicketPrinterTests.debug.xcconfig"; path = "Pods/Target Support Files/Pods-TWTicketPrinterTests/Pods-TWTicketPrinterTests.debug.xcconfig"; sourceTree = "<group>"; };
		A0C62D5FC25DE29D1B10AF02 /* libPods-TWTicketPrinterTests.a */ = {isa = PBXFileReference; explicitFileType = archive.ar; includeInIndex = 0; path = "libPods-TWTicketPrinterTests.a"; sourceTree = BUILT_PRODUCTS_DIR; };
		BF5E554ED86022C91D9C9A58 /* Pods-TWTicketPrinter.release.xcconfig */ = {isa = PBXFileReference; includeInIndex = 1; lastKnownFileType = text.xcconfig; name = "Pods-TWTicketPrinter.release.xcconfig"; path = "Pods/Target Support Files/Pods-TWTicketPrinter/Pods-TWTicketPrinter.release.xcconfig"; sourceTree = "<group>"; };
		EBFBB7813F8EC83383DD5BDA /* Pods-TWTicketPrinterTests.release.xcconfig */ = {isa = PBXFileReference; includeInIndex = 1; lastKnownFileType = text.xcconfig; name = "Pods-TWTicketPrinterTests.release.xcconfig"; path = "Pods/Target Support Files/Pods-TWTicketPrinterTests/Pods-TWTicketPrinterTests.release.xcconfig"; sourceTree = "<group>"; };
/* End PBXFileReference section */

/* Begin PBXFrameworksBuildPhase section */
		20DDE46E1C8A7A6A009BEA75 /* Frameworks */ = {
			isa = PBXFrameworksBuildPhase;
			buildActionMask = 2147483647;
			files = (
				20DDE4B51C8A8992009BEA75 /* CoreGraphics.framework in Frameworks */,
				BE8FBF9F22DB5C0D309836A8 /* libPods-TWTicketPrinter.a in Frameworks */,
			);
			runOnlyForDeploymentPostprocessing = 0;
		};
		20DDE4871C8A7A6B009BEA75 /* Frameworks */ = {
			isa = PBXFrameworksBuildPhase;
			buildActionMask = 2147483647;
			files = (
				9935F658657F01DED80A13E0 /* libPods-TWTicketPrinterTests.a in Frameworks */,
			);
			runOnlyForDeploymentPostprocessing = 0;
		};
/* End PBXFrameworksBuildPhase section */

/* Begin PBXGroup section */
		209689681C8C194100068621 /* SaleFactorySepc */ = {
			isa = PBXGroup;
			children = (
				209689691C8C196500068621 /* SaleFactorySpec.m */,
			);
			path = SaleFactorySepc;
			sourceTree = "<group>";
		};
		2096896B1C8C25BB00068621 /* Printers */ = {
			isa = PBXGroup;
			children = (
				209689751C8C2E7800068621 /* IPrintable.h */,
				209689791C8C32A800068621 /* GoodFeeExtraPrinter */,
				209689701C8C2C7A00068621 /* GoodsFeePrinter */,
				209689741C8C2E5200068621 /* GoodsRebatePrinter */,
				2096896C1C8C2C3500068621 /* NormalPrinter */,
			);
			path = Printers;
			sourceTree = "<group>";
		};
		2096896C1C8C2C3500068621 /* NormalPrinter */ = {
			isa = PBXGroup;
			children = (
				2096896D1C8C2C5A00068621 /* NormalPrinter.h */,
				2096896E1C8C2C5A00068621 /* NormalPrinter.m */,
			);
			path = NormalPrinter;
			sourceTree = "<group>";
		};
		209689701C8C2C7A00068621 /* GoodsFeePrinter */ = {
			isa = PBXGroup;
			children = (
				209689711C8C2CC500068621 /* GoodsFeePrinter.h */,
				209689721C8C2CC500068621 /* GoodsFeePrinter.m */,
			);
			path = GoodsFeePrinter;
			sourceTree = "<group>";
		};
		209689741C8C2E5200068621 /* GoodsRebatePrinter */ = {
			isa = PBXGroup;
			children = (
				209689761C8C322A00068621 /* GoodsRebatePrinter.h */,
				209689771C8C322A00068621 /* GoodsRebatePrinter.m */,
			);
			path = GoodsRebatePrinter;
			sourceTree = "<group>";
		};
		209689791C8C32A800068621 /* GoodFeeExtraPrinter */ = {
			isa = PBXGroup;
			children = (
				2096897A1C8C32D200068621 /* GoodsFeeExtraPrinter.h */,
				2096897B1C8C32D200068621 /* GoodsFeeExtraPrinter.m */,
			);
			path = GoodFeeExtraPrinter;
			sourceTree = "<group>";
		};
		20DDE4681C8A7A6A009BEA75 = {
			isa = PBXGroup;
			children = (
				20DDE4731C8A7A6A009BEA75 /* TWTicketPrinter */,
				20DDE48D1C8A7A6B009BEA75 /* TWTicketPrinterTests */,
				20DDE4721C8A7A6A009BEA75 /* Products */,
				F45110DE918C332A414316D2 /* Pods */,
				671C1286493E137A2DFA6AB9 /* Frameworks */,
			);
			sourceTree = "<group>";
		};
		20DDE4721C8A7A6A009BEA75 /* Products */ = {
			isa = PBXGroup;
			children = (
				20DDE4711C8A7A6A009BEA75 /* TWTicketPrinter.app */,
				20DDE48A1C8A7A6B009BEA75 /* TWTicketPrinterTests.xctest */,
			);
			name = Products;
			sourceTree = "<group>";
		};
		20DDE4731C8A7A6A009BEA75 /* TWTicketPrinter */ = {
			isa = PBXGroup;
			children = (
				20DDE4991C8A7B20009BEA75 /* Applications */,
				20DDE4E31C8AF6B0009BEA75 /* Categories */,
				20DDE49D1C8A7B20009BEA75 /* Configs */,
				20DDE4AE1C8A8562009BEA75 /* Models */,
				20DDE49E1C8A7B20009BEA75 /* Moudles */,
				20DDE49F1C8A7B20009BEA75 /* Resources */,
				20DDE4A01C8A7B20009BEA75 /* ViewControllers */,
			);
			path = TWTicketPrinter;
			sourceTree = "<group>";
		};
		20DDE48D1C8A7A6B009BEA75 /* TWTicketPrinterTests */ = {
			isa = PBXGroup;
			children = (
				209689681C8C194100068621 /* SaleFactorySepc */,
				20DDE4E91C8B2729009BEA75 /* GoodsCalculator */,
				20DDE4CB1C8A9E96009BEA75 /* GoodsParser */,
				20DDE4901C8A7A6B009BEA75 /* Info.plist */,
				204733271C8C63A500840998 /* TicketPrinterSpec.m */,
			);
			path = TWTicketPrinterTests;
			sourceTree = "<group>";
		};
		20DDE4991C8A7B20009BEA75 /* Applications */ = {
			isa = PBXGroup;
			children = (
				20DDE49A1C8A7B20009BEA75 /* AppDelegate.h */,
				20DDE49B1C8A7B20009BEA75 /* AppDelegate.m */,
				20DDE49C1C8A7B20009BEA75 /* main.m */,
				20DDE4E41C8AF6DD009BEA75 /* TWAfx.h */,
			);
			path = Applications;
			sourceTree = "<group>";
		};
		20DDE49D1C8A7B20009BEA75 /* Configs */ = {
			isa = PBXGroup;
			children = (
				20DDE4A91C8A8318009BEA75 /* CodeInput.json */,
				20DDE4E01C8ACCAA009BEA75 /* Goods.plist */,
				20DDE4EC1C8B2D47009BEA75 /* SaleStrategies.plist */,
			);
			path = Configs;
			sourceTree = "<group>";
		};
		20DDE49E1C8A7B20009BEA75 /* Moudles */ = {
			isa = PBXGroup;
			children = (
				204733291C8C644900840998 /* TicketPrinter.h */,
				2047332A1C8C644900840998 /* TicketPrinter.m */,
				20DDE4DC1C8ACB67009BEA75 /* Parser */,
				20DDE4D01C8AC198009BEA75 /* Output */,
				20DDE4C71C8A902B009BEA75 /* SaleFactory */,
				20DDE4C41C8A8F54009BEA75 /* SaleStrategise */,
			);
			path = Moudles;
			sourceTree = "<group>";
		};
		20DDE49F1C8A7B20009BEA75 /* Resources */ = {
			isa = PBXGroup;
			children = (
				20DDE47D1C8A7A6A009BEA75 /* Main.storyboard */,
				20DDE4801C8A7A6B009BEA75 /* Assets.xcassets */,
				20DDE4821C8A7A6B009BEA75 /* LaunchScreen.storyboard */,
				20DDE4851C8A7A6B009BEA75 /* Info.plist */,
			);
			path = Resources;
			sourceTree = "<group>";
		};
		20DDE4A01C8A7B20009BEA75 /* ViewControllers */ = {
			isa = PBXGroup;
			children = (
				20DDE4A11C8A7B20009BEA75 /* ViewController.h */,
				20DDE4A21C8A7B20009BEA75 /* ViewController.m */,
			);
			path = ViewControllers;
			sourceTree = "<group>";
		};
		20DDE4AE1C8A8562009BEA75 /* Models */ = {
			isa = PBXGroup;
			children = (
				20DDE4EE1C8BBBB2009BEA75 /* SaleStrategy */,
				20DDE4BC1C8A8C79009BEA75 /* GoodsItem */,
				20DDE4AF1C8A8562009BEA75 /* GoodsInfo */,
			);
			path = Models;
			sourceTree = "<group>";
		};
		20DDE4AF1C8A8562009BEA75 /* GoodsInfo */ = {
			isa = PBXGroup;
			children = (
				20DDE4B01C8A8562009BEA75 /* GoodsInfo.h */,
				20DDE4B11C8A8562009BEA75 /* GoodsInfo.m */,
			);
			path = GoodsInfo;
			sourceTree = "<group>";
		};
		20DDE4BC1C8A8C79009BEA75 /* GoodsItem */ = {
			isa = PBXGroup;
			children = (
				20DDE4BD1C8A8CC4009BEA75 /* GoodsItem.h */,
				20DDE4BE1C8A8CC4009BEA75 /* GoodsItem.m */,
			);
			path = GoodsItem;
			sourceTree = "<group>";
		};
		20DDE4C41C8A8F54009BEA75 /* SaleStrategise */ = {
			isa = PBXGroup;
			children = (
				2096897E1C8C4D3000068621 /* IPrintStrategy.h */,
				20DDE4C61C8A8FDE009BEA75 /* ISaleStrategy.h */,
				20DDE4FC1C8BD542009BEA75 /* StrategyProxy */,
				20DDE4F31C8BC6BB009BEA75 /* SaleNormal */,
				20DDE4D51C8AC7DC009BEA75 /* SalesRebate */,
				20DDE4D41C8AC7A5009BEA75 /* SalesFeeGoods */,
			);
			path = SaleStrategise;
			sourceTree = "<group>";
		};
		20DDE4C71C8A902B009BEA75 /* SaleFactory */ = {
			isa = PBXGroup;
			children = (
				20DDE4FB1C8BD06E009BEA75 /* ISaleFactory.h */,
				20DDE4C81C8A903A009BEA75 /* SaleFactory.h */,
				20DDE4C91C8A903A009BEA75 /* SaleFactory.m */,
			);
			path = SaleFactory;
			sourceTree = "<group>";
		};
		20DDE4CB1C8A9E96009BEA75 /* GoodsParser */ = {
			isa = PBXGroup;
			children = (
				20DDE4CC1C8A9EAE009BEA75 /* GoodsItemParserSpec.m */,
			);
			path = GoodsParser;
			sourceTree = "<group>";
		};
		20DDE4D01C8AC198009BEA75 /* Output */ = {
			isa = PBXGroup;
			children = (
				20DDE4D11C8AC1BE009BEA75 /* OutputBuilder.h */,
				20DDE4D21C8AC1BE009BEA75 /* OutputBuilder.m */,
				2096896B1C8C25BB00068621 /* Printers */,
			);
			path = Output;
			sourceTree = "<group>";
		};
		20DDE4D41C8AC7A5009BEA75 /* SalesFeeGoods */ = {
			isa = PBXGroup;
			children = (
				20DDE4D91C8AC843009BEA75 /* SalesFeeGoods.h */,
				20DDE4DA1C8AC843009BEA75 /* SalesFeeGoods.m */,
			);
			path = SalesFeeGoods;
			sourceTree = "<group>";
		};
		20DDE4D51C8AC7DC009BEA75 /* SalesRebate */ = {
			isa = PBXGroup;
			children = (
				20DDE4D61C8AC82F009BEA75 /* SalesRebate.h */,
				20DDE4D71C8AC82F009BEA75 /* SalesRebate.m */,
			);
			path = SalesRebate;
			sourceTree = "<group>";
		};
		20DDE4DC1C8ACB67009BEA75 /* Parser */ = {
			isa = PBXGroup;
			children = (
				20DDE4DD1C8ACB7F009BEA75 /* BarCodeParser.h */,
				20DDE4DE1C8ACB7F009BEA75 /* BarCodeParser.m */,
			);
			path = Parser;
			sourceTree = "<group>";
		};
		20DDE4E31C8AF6B0009BEA75 /* Categories */ = {
			isa = PBXGroup;
			children = (
				20DDE4E51C8AF7B4009BEA75 /* JsonModelExtension */,
			);
			path = Categories;
			sourceTree = "<group>";
		};
		20DDE4E51C8AF7B4009BEA75 /* JsonModelExtension */ = {
			isa = PBXGroup;
			children = (
				20DDE4E61C8AF7D5009BEA75 /* JSONKeyMapper+MapExtentsion.h */,
				20DDE4E71C8AF7D5009BEA75 /* JSONKeyMapper+MapExtentsion.m */,
			);
			path = JsonModelExtension;
			sourceTree = "<group>";
		};
		20DDE4E91C8B2729009BEA75 /* GoodsCalculator */ = {
			isa = PBXGroup;
			children = (
				20DDE4EA1C8B2740009BEA75 /* GoodCalcSpec.m */,
			);
			path = GoodsCalculator;
			sourceTree = "<group>";
		};
		20DDE4EE1C8BBBB2009BEA75 /* SaleStrategy */ = {
			isa = PBXGroup;
			children = (
				20DDE4EF1C8BBBE5009BEA75 /* SaleStrategy.h */,
				20DDE4F01C8BBBE5009BEA75 /* SaleStrategy.m */,
			);
			path = SaleStrategy;
			sourceTree = "<group>";
		};
		20DDE4F31C8BC6BB009BEA75 /* SaleNormal */ = {
			isa = PBXGroup;
			children = (
				20DDE4F41C8BC6D7009BEA75 /* SaleNormal.h */,
				20DDE4F51C8BC6D7009BEA75 /* SaleNormal.m */,
			);
			path = SaleNormal;
			sourceTree = "<group>";
		};
		20DDE4FC1C8BD542009BEA75 /* StrategyProxy */ = {
			isa = PBXGroup;
			children = (
				20DDE4FD1C8BD65C009BEA75 /* StrategyProxy.h */,
				20DDE4FE1C8BD65C009BEA75 /* StrategyProxy.m */,
			);
			path = StrategyProxy;
			sourceTree = "<group>";
		};
		671C1286493E137A2DFA6AB9 /* Frameworks */ = {
			isa = PBXGroup;
			children = (
				20DDE4B41C8A8992009BEA75 /* CoreGraphics.framework */,
				0703FD3084CA31B04430046B /* libPods-TWTicketPrinter.a */,
				A0C62D5FC25DE29D1B10AF02 /* libPods-TWTicketPrinterTests.a */,
			);
			name = Frameworks;
			sourceTree = "<group>";
		};
		F45110DE918C332A414316D2 /* Pods */ = {
			isa = PBXGroup;
			children = (
				6A423BAB31582BCAF795EDCA /* Pods-TWTicketPrinter.debug.xcconfig */,
				BF5E554ED86022C91D9C9A58 /* Pods-TWTicketPrinter.release.xcconfig */,
				9E9FBE8A45E440CE2C4A28C9 /* Pods-TWTicketPrinterTests.debug.xcconfig */,
				EBFBB7813F8EC83383DD5BDA /* Pods-TWTicketPrinterTests.release.xcconfig */,
			);
			name = Pods;
			sourceTree = "<group>";
		};
/* End PBXGroup section */

/* Begin PBXNativeTarget section */
		20DDE4701C8A7A6A009BEA75 /* TWTicketPrinter */ = {
			isa = PBXNativeTarget;
			buildConfigurationList = 20DDE4931C8A7A6B009BEA75 /* Build configuration list for PBXNativeTarget "TWTicketPrinter" */;
			buildPhases = (
				D47FA0151B564B30F45B6834 /* Check Pods Manifest.lock */,
				20DDE46D1C8A7A6A009BEA75 /* Sources */,
				20DDE46E1C8A7A6A009BEA75 /* Frameworks */,
				20DDE46F1C8A7A6A009BEA75 /* Resources */,
				5613D92F9BB328230767BE2E /* Embed Pods Frameworks */,
				6DD1C110999AB8F3B9D5B9EE /* Copy Pods Resources */,
			);
			buildRules = (
			);
			dependencies = (
			);
			name = TWTicketPrinter;
			productName = TWTicketPrinter;
			productReference = 20DDE4711C8A7A6A009BEA75 /* TWTicketPrinter.app */;
			productType = "com.apple.product-type.application";
		};
		20DDE4891C8A7A6B009BEA75 /* TWTicketPrinterTests */ = {
			isa = PBXNativeTarget;
			buildConfigurationList = 20DDE4961C8A7A6B009BEA75 /* Build configuration list for PBXNativeTarget "TWTicketPrinterTests" */;
			buildPhases = (
				6D2910E12162880E6E29DDCD /* Check Pods Manifest.lock */,
				20DDE4861C8A7A6B009BEA75 /* Sources */,
				20DDE4871C8A7A6B009BEA75 /* Frameworks */,
				20DDE4881C8A7A6B009BEA75 /* Resources */,
				E317DA6C7548FF78F3D6566D /* Embed Pods Frameworks */,
				56B882E56851430DBFD74543 /* Copy Pods Resources */,
			);
			buildRules = (
			);
			dependencies = (
				20DDE48C1C8A7A6B009BEA75 /* PBXTargetDependency */,
			);
			name = TWTicketPrinterTests;
			productName = TWTicketPrinterTests;
			productReference = 20DDE48A1C8A7A6B009BEA75 /* TWTicketPrinterTests.xctest */;
			productType = "com.apple.product-type.bundle.unit-test";
		};
/* End PBXNativeTarget section */

/* Begin PBXProject section */
		20DDE4691C8A7A6A009BEA75 /* Project object */ = {
			isa = PBXProject;
			attributes = {
				LastUpgradeCheck = 0720;
				ORGANIZATIONNAME = ChangHong;
				TargetAttributes = {
					20DDE4701C8A7A6A009BEA75 = {
						CreatedOnToolsVersion = 7.2.1;
					};
					20DDE4891C8A7A6B009BEA75 = {
						CreatedOnToolsVersion = 7.2.1;
						TestTargetID = 20DDE4701C8A7A6A009BEA75;
					};
				};
			};
			buildConfigurationList = 20DDE46C1C8A7A6A009BEA75 /* Build configuration list for PBXProject "TWTicketPrinter" */;
			compatibilityVersion = "Xcode 3.2";
			developmentRegion = English;
			hasScannedForEncodings = 0;
			knownRegions = (
				en,
				Base,
			);
			mainGroup = 20DDE4681C8A7A6A009BEA75;
			productRefGroup = 20DDE4721C8A7A6A009BEA75 /* Products */;
			projectDirPath = "";
			projectRoot = "";
			targets = (
				20DDE4701C8A7A6A009BEA75 /* TWTicketPrinter */,
				20DDE4891C8A7A6B009BEA75 /* TWTicketPrinterTests */,
			);
		};
/* End PBXProject section */

/* Begin PBXResourcesBuildPhase section */
		20DDE46F1C8A7A6A009BEA75 /* Resources */ = {
			isa = PBXResourcesBuildPhase;
			buildActionMask = 2147483647;
			files = (
				20DDE4841C8A7A6B009BEA75 /* LaunchScreen.storyboard in Resources */,
				20DDE4CE1C8AACCA009BEA75 /* CodeInput.json in Resources */,
				20DDE4811C8A7A6B009BEA75 /* Assets.xcassets in Resources */,
				20DDE4E11C8ACCAA009BEA75 /* Goods.plist in Resources */,
				20DDE4ED1C8B2D47009BEA75 /* SaleStrategies.plist in Resources */,
				20DDE47F1C8A7A6A009BEA75 /* Main.storyboard in Resources */,
			);
			runOnlyForDeploymentPostprocessing = 0;
		};
		20DDE4881C8A7A6B009BEA75 /* Resources */ = {
			isa = PBXResourcesBuildPhase;
			buildActionMask = 2147483647;
			files = (
				20DDE4CF1C8AACCB009BEA75 /* CodeInput.json in Resources */,
			);
			runOnlyForDeploymentPostprocessing = 0;
		};
/* End PBXResourcesBuildPhase section */

/* Begin PBXShellScriptBuildPhase section */
		5613D92F9BB328230767BE2E /* Embed Pods Frameworks */ = {
			isa = PBXShellScriptBuildPhase;
			buildActionMask = 2147483647;
			files = (
			);
			inputPaths = (
			);
			name = "Embed Pods Frameworks";
			outputPaths = (
			);
			runOnlyForDeploymentPostprocessing = 0;
			shellPath = /bin/sh;
			shellScript = "\"${SRCROOT}/Pods/Target Support Files/Pods-TWTicketPrinter/Pods-TWTicketPrinter-frameworks.sh\"\n";
			showEnvVarsInLog = 0;
		};
		56B882E56851430DBFD74543 /* Copy Pods Resources */ = {
			isa = PBXShellScriptBuildPhase;
			buildActionMask = 2147483647;
			files = (
			);
			inputPaths = (
			);
			name = "Copy Pods Resources";
			outputPaths = (
			);
			runOnlyForDeploymentPostprocessing = 0;
			shellPath = /bin/sh;
			shellScript = "\"${SRCROOT}/Pods/Target Support Files/Pods-TWTicketPrinterTests/Pods-TWTicketPrinterTests-resources.sh\"\n";
			showEnvVarsInLog = 0;
		};
		6D2910E12162880E6E29DDCD /* Check Pods Manifest.lock */ = {
			isa = PBXShellScriptBuildPhase;
			buildActionMask = 2147483647;
			files = (
			);
			inputPaths = (
			);
			name = "Check Pods Manifest.lock";
			outputPaths = (
			);
			runOnlyForDeploymentPostprocessing = 0;
			shellPath = /bin/sh;
			shellScript = "diff \"${PODS_ROOT}/../Podfile.lock\" \"${PODS_ROOT}/Manifest.lock\" > /dev/null\nif [[ $? != 0 ]] ; then\n    cat << EOM\nerror: The sandbox is not in sync with the Podfile.lock. Run 'pod install' or update your CocoaPods installation.\nEOM\n    exit 1\nfi\n";
			showEnvVarsInLog = 0;
		};
		6DD1C110999AB8F3B9D5B9EE /* Copy Pods Resources */ = {
			isa = PBXShellScriptBuildPhase;
			buildActionMask = 2147483647;
			files = (
			);
			inputPaths = (
			);
			name = "Copy Pods Resources";
			outputPaths = (
			);
			runOnlyForDeploymentPostprocessing = 0;
			shellPath = /bin/sh;
			shellScript = "\"${SRCROOT}/Pods/Target Support Files/Pods-TWTicketPrinter/Pods-TWTicketPrinter-resources.sh\"\n";
			showEnvVarsInLog = 0;
		};
		D47FA0151B564B30F45B6834 /* Check Pods Manifest.lock */ = {
			isa = PBXShellScriptBuildPhase;
			buildActionMask = 2147483647;
			files = (
			);
			inputPaths = (
			);
			name = "Check Pods Manifest.lock";
			outputPaths = (
			);
			runOnlyForDeploymentPostprocessing = 0;
			shellPath = /bin/sh;
			shellScript = "diff \"${PODS_ROOT}/../Podfile.lock\" \"${PODS_ROOT}/Manifest.lock\" > /dev/null\nif [[ $? != 0 ]] ; then\n    cat << EOM\nerror: The sandbox is not in sync with the Podfile.lock. Run 'pod install' or update your CocoaPods installation.\nEOM\n    exit 1\nfi\n";
			showEnvVarsInLog = 0;
		};
		E317DA6C7548FF78F3D6566D /* Embed Pods Frameworks */ = {
			isa = PBXShellScriptBuildPhase;
			buildActionMask = 2147483647;
			files = (
			);
			inputPaths = (
			);
			name = "Embed Pods Frameworks";
			outputPaths = (
			);
			runOnlyForDeploymentPostprocessing = 0;
			shellPath = /bin/sh;
			shellScript = "\"${SRCROOT}/Pods/Target Support Files/Pods-TWTicketPrinterTests/Pods-TWTicketPrinterTests-frameworks.sh\"\n";
			showEnvVarsInLog = 0;
		};
/* End PBXShellScriptBuildPhase section */

/* Begin PBXSourcesBuildPhase section */
		20DDE46D1C8A7A6A009BEA75 /* Sources */ = {
			isa = PBXSourcesBuildPhase;
			buildActionMask = 2147483647;
			files = (
				20DDE4DF1C8ACB7F009BEA75 /* BarCodeParser.m in Sources */,
				20DDE4BF1C8A8CC4009BEA75 /* GoodsItem.m in Sources */,
				20DDE4E81C8AF7D6009BEA75 /* JSONKeyMapper+MapExtentsion.m in Sources */,
				2047332B1C8C644900840998 /* TicketPrinter.m in Sources */,
				2096897C1C8C32D200068621 /* GoodsFeeExtraPrinter.m in Sources */,
				209689781C8C322A00068621 /* GoodsRebatePrinter.m in Sources */,
				20DDE4A31C8A7B20009BEA75 /* AppDelegate.m in Sources */,
				20DDE4A41C8A7B20009BEA75 /* main.m in Sources */,
				20DDE4F11C8BBBE5009BEA75 /* SaleStrategy.m in Sources */,
				2096896F1C8C2C5A00068621 /* NormalPrinter.m in Sources */,
				20DDE4F61C8BC6D7009BEA75 /* SaleNormal.m in Sources */,
				209689731C8C2CC500068621 /* GoodsFeePrinter.m in Sources */,
				20DDE4CA1C8A903A009BEA75 /* SaleFactory.m in Sources */,
				20DDE4D81C8AC82F009BEA75 /* SalesRebate.m in Sources */,
				20DDE4B21C8A8562009BEA75 /* GoodsInfo.m in Sources */,
				20DDE4A51C8A7B20009BEA75 /* ViewController.m in Sources */,
				20DDE4DB1C8AC843009BEA75 /* SalesFeeGoods.m in Sources */,
				20DDE4D31C8AC1BE009BEA75 /* OutputBuilder.m in Sources */,
				20DDE4FF1C8BD65C009BEA75 /* StrategyProxy.m in Sources */,
			);
			runOnlyForDeploymentPostprocessing = 0;
		};
		20DDE4861C8A7A6B009BEA75 /* Sources */ = {
			isa = PBXSourcesBuildPhase;
			buildActionMask = 2147483647;
			files = (
				2096896A1C8C196500068621 /* SaleFactorySpec.m in Sources */,
				20DDE4EB1C8B2740009BEA75 /* GoodCalcSpec.m in Sources */,
				204733281C8C63A500840998 /* TicketPrinterSpec.m in Sources */,
				20DDE4CD1C8A9EAE009BEA75 /* GoodsItemParserSpec.m in Sources */,
				20DDE4E21C8AD5CA009BEA75 /* GoodsItem.m in Sources */,
			);
			runOnlyForDeploymentPostprocessing = 0;
		};
/* End PBXSourcesBuildPhase section */

/* Begin PBXTargetDependency section */
		20DDE48C1C8A7A6B009BEA75 /* PBXTargetDependency */ = {
			isa = PBXTargetDependency;
			target = 20DDE4701C8A7A6A009BEA75 /* TWTicketPrinter */;
			targetProxy = 20DDE48B1C8A7A6B009BEA75 /* PBXContainerItemProxy */;
		};
/* End PBXTargetDependency section */

/* Begin PBXVariantGroup section */
		20DDE47D1C8A7A6A009BEA75 /* Main.storyboard */ = {
			isa = PBXVariantGroup;
			children = (
				20DDE47E1C8A7A6A009BEA75 /* Base */,
			);
			name = Main.storyboard;
			path = ..;
			sourceTree = "<group>";
		};
		20DDE4821C8A7A6B009BEA75 /* LaunchScreen.storyboard */ = {
			isa = PBXVariantGroup;
			children = (
				20DDE4831C8A7A6B009BEA75 /* Base */,
			);
			name = LaunchScreen.storyboard;
			path = ..;
			sourceTree = "<group>";
		};
/* End PBXVariantGroup section */

/* Begin XCBuildConfiguration section */
		20DDE4911C8A7A6B009BEA75 /* Debug */ = {
			isa = XCBuildConfiguration;
			buildSettings = {
				ALWAYS_SEARCH_USER_PATHS = NO;
				CLANG_CXX_LANGUAGE_STANDARD = "gnu++0x";
				CLANG_CXX_LIBRARY = "libc++";
				CLANG_ENABLE_MODULES = YES;
				CLANG_ENABLE_OBJC_ARC = YES;
				CLANG_WARN_BOOL_CONVERSION = YES;
				CLANG_WARN_CONSTANT_CONVERSION = YES;
				CLANG_WARN_DIRECT_OBJC_ISA_USAGE = YES_ERROR;
				CLANG_WARN_EMPTY_BODY = YES;
				CLANG_WARN_ENUM_CONVERSION = YES;
				CLANG_WARN_INT_CONVERSION = YES;
				CLANG_WARN_OBJC_ROOT_CLASS = YES_ERROR;
				CLANG_WARN_UNREACHABLE_CODE = YES;
				CLANG_WARN__DUPLICATE_METHOD_MATCH = YES;
				"CODE_SIGN_IDENTITY[sdk=iphoneos*]" = "iPhone Developer";
				COPY_PHASE_STRIP = NO;
				DEBUG_INFORMATION_FORMAT = dwarf;
				ENABLE_STRICT_OBJC_MSGSEND = YES;
				ENABLE_TESTABILITY = YES;
				GCC_C_LANGUAGE_STANDARD = gnu99;
				GCC_DYNAMIC_NO_PIC = NO;
				GCC_NO_COMMON_BLOCKS = YES;
				GCC_OPTIMIZATION_LEVEL = 0;
				GCC_PREPROCESSOR_DEFINITIONS = (
					"DEBUG=1",
					"$(inherited)",
				);
				GCC_WARN_64_TO_32_BIT_CONVERSION = YES;
				GCC_WARN_ABOUT_RETURN_TYPE = YES_ERROR;
				GCC_WARN_UNDECLARED_SELECTOR = YES;
				GCC_WARN_UNINITIALIZED_AUTOS = YES_AGGRESSIVE;
				GCC_WARN_UNUSED_FUNCTION = YES;
				GCC_WARN_UNUSED_VARIABLE = YES;
				IPHONEOS_DEPLOYMENT_TARGET = 9.2;
				MTL_ENABLE_DEBUG_INFO = YES;
				ONLY_ACTIVE_ARCH = YES;
				SDKROOT = iphoneos;
			};
			name = Debug;
		};
		20DDE4921C8A7A6B009BEA75 /* Release */ = {
			isa = XCBuildConfiguration;
			buildSettings = {
				ALWAYS_SEARCH_USER_PATHS = NO;
				CLANG_CXX_LANGUAGE_STANDARD = "gnu++0x";
				CLANG_CXX_LIBRARY = "libc++";
				CLANG_ENABLE_MODULES = YES;
				CLANG_ENABLE_OBJC_ARC = YES;
				CLANG_WARN_BOOL_CONVERSION = YES;
				CLANG_WARN_CONSTANT_CONVERSION = YES;
				CLANG_WARN_DIRECT_OBJC_ISA_USAGE = YES_ERROR;
				CLANG_WARN_EMPTY_BODY = YES;
				CLANG_WARN_ENUM_CONVERSION = YES;
				CLANG_WARN_INT_CONVERSION = YES;
				CLANG_WARN_OBJC_ROOT_CLASS = YES_ERROR;
				CLANG_WARN_UNREACHABLE_CODE = YES;
				CLANG_WARN__DUPLICATE_METHOD_MATCH = YES;
				"CODE_SIGN_IDENTITY[sdk=iphoneos*]" = "iPhone Developer";
				COPY_PHASE_STRIP = NO;
				DEBUG_INFORMATION_FORMAT = "dwarf-with-dsym";
				ENABLE_NS_ASSERTIONS = NO;
				ENABLE_STRICT_OBJC_MSGSEND = YES;
				GCC_C_LANGUAGE_STANDARD = gnu99;
				GCC_NO_COMMON_BLOCKS = YES;
				GCC_WARN_64_TO_32_BIT_CONVERSION = YES;
				GCC_WARN_ABOUT_RETURN_TYPE = YES_ERROR;
				GCC_WARN_UNDECLARED_SELECTOR = YES;
				GCC_WARN_UNINITIALIZED_AUTOS = YES_AGGRESSIVE;
				GCC_WARN_UNUSED_FUNCTION = YES;
				GCC_WARN_UNUSED_VARIABLE = YES;
				IPHONEOS_DEPLOYMENT_TARGET = 9.2;
				MTL_ENABLE_DEBUG_INFO = NO;
				SDKROOT = iphoneos;
				VALIDATE_PRODUCT = YES;
			};
			name = Release;
		};
		20DDE4941C8A7A6B009BEA75 /* Debug */ = {
			isa = XCBuildConfiguration;
			baseConfigurationReference = 6A423BAB31582BCAF795EDCA /* Pods-TWTicketPrinter.debug.xcconfig */;
			buildSettings = {
				ASSETCATALOG_COMPILER_APPICON_NAME = AppIcon;
				GCC_INPUT_FILETYPE = automatic;
				INFOPLIST_FILE = TWTicketPrinter/Info.plist;
				LD_RUNPATH_SEARCH_PATHS = "$(inherited) @executable_path/Frameworks";
				PRODUCT_BUNDLE_IDENTIFIER = com.grasp.TWTicketPrinter;
				PRODUCT_NAME = "$(TARGET_NAME)";
			};
			name = Debug;
		};
		20DDE4951C8A7A6B009BEA75 /* Release */ = {
			isa = XCBuildConfiguration;
			baseConfigurationReference = BF5E554ED86022C91D9C9A58 /* Pods-TWTicketPrinter.release.xcconfig */;
			buildSettings = {
				ASSETCATALOG_COMPILER_APPICON_NAME = AppIcon;
				GCC_INPUT_FILETYPE = automatic;
				INFOPLIST_FILE = TWTicketPrinter/Info.plist;
				LD_RUNPATH_SEARCH_PATHS = "$(inherited) @executable_path/Frameworks";
				PRODUCT_BUNDLE_IDENTIFIER = com.grasp.TWTicketPrinter;
				PRODUCT_NAME = "$(TARGET_NAME)";
			};
			name = Release;
		};
		20DDE4971C8A7A6B009BEA75 /* Debug */ = {
			isa = XCBuildConfiguration;
			baseConfigurationReference = 9E9FBE8A45E440CE2C4A28C9 /* Pods-TWTicketPrinterTests.debug.xcconfig */;
			buildSettings = {
				BUNDLE_LOADER = "$(TEST_HOST)";
				INFOPLIST_FILE = TWTicketPrinterTests/Info.plist;
				LD_RUNPATH_SEARCH_PATHS = "$(inherited) @executable_path/Frameworks @loader_path/Frameworks";
				PRODUCT_BUNDLE_IDENTIFIER = com.grasp.TWTicketPrinterTests;
				PRODUCT_NAME = "$(TARGET_NAME)";
				TEST_HOST = "$(BUILT_PRODUCTS_DIR)/TWTicketPrinter.app/TWTicketPrinter";
			};
			name = Debug;
		};
		20DDE4981C8A7A6B009BEA75 /* Release */ = {
			isa = XCBuildConfiguration;
			baseConfigurationReference = EBFBB7813F8EC83383DD5BDA /* Pods-TWTicketPrinterTests.release.xcconfig */;
			buildSettings = {
				BUNDLE_LOADER = "$(TEST_HOST)";
				INFOPLIST_FILE = TWTicketPrinterTests/Info.plist;
				LD_RUNPATH_SEARCH_PATHS = "$(inherited) @executable_path/Frameworks @loader_path/Frameworks";
				PRODUCT_BUNDLE_IDENTIFIER = com.grasp.TWTicketPrinterTests;
				PRODUCT_NAME = "$(TARGET_NAME)";
				TEST_HOST = "$(BUILT_PRODUCTS_DIR)/TWTicketPrinter.app/TWTicketPrinter";
			};
			name = Release;
		};
/* End XCBuildConfiguration section */

/* Begin XCConfigurationList section */
		20DDE46C1C8A7A6A009BEA75 /* Build configuration list for PBXProject "TWTicketPrinter" */ = {
			isa = XCConfigurationList;
			buildConfigurations = (
				20DDE4911C8A7A6B009BEA75 /* Debug */,
				20DDE4921C8A7A6B009BEA75 /* Release */,
			);
			defaultConfigurationIsVisible = 0;
			defaultConfigurationName = Release;
		};
		20DDE4931C8A7A6B009BEA75 /* Build configuration list for PBXNativeTarget "TWTicketPrinter" */ = {
			isa = XCConfigurationList;
			buildConfigurations = (
				20DDE4941C8A7A6B009BEA75 /* Debug */,
				20DDE4951C8A7A6B009BEA75 /* Release */,
			);
			defaultConfigurationIsVisible = 0;
			defaultConfigurationName = Release;
		};
		20DDE4961C8A7A6B009BEA75 /* Build configuration list for PBXNativeTarget "TWTicketPrinterTests" */ = {
			isa = XCConfigurationList;
			buildConfigurations = (
				20DDE4971C8A7A6B009BEA75 /* Debug */,
				20DDE4981C8A7A6B009BEA75 /* Release */,
			);
			defaultConfigurationIsVisible = 0;
			defaultConfigurationName = Release;
		};
/* End XCConfigurationList section */
	};
	rootObject = 20DDE4691C8A7A6A009BEA75 /* Project object */;
}
